
Microsoft Visual Studio Solution File, Format Version 12.00
# Visual Studio Version 17
VisualStudioVersion = 17.8.34316.72
MinimumVisualStudioVersion = 10.0.40219.1
Project("{FAE04EC0-301F-11D3-BF4B-00C04F79EFBC}") = "datatry", "datatry\datatry.csproj", "{10DCFED5-0EDE-49C7-B51F-0E1F669DF00C}"
EndProject
Global
	GlobalSection(SolutionConfigurationPlatforms) = preSolution
		Debug|Any CPU = Debug|Any CPU
		Release|Any CPU = Release|Any CPU
	EndGlobalSection
	GlobalSection(ProjectConfigurationPlatforms) = postSolution
		{10DCFED5-0EDE-49C7-B51F-0E1F669DF00C}.Debug|Any CPU.ActiveCfg = Debug|Any CPU
		{10DCFED5-0EDE-49C7-B51F-0E1F669DF00C}.Debug|Any CPU.Build.0 = Debug|Any CPU
		{10DCFED5-0EDE-49C7-B51F-0E1F669DF00C}.Release|Any CPU.ActiveCfg = Release|Any CPU
		{10DCFED5-0EDE-49C7-B51F-0E1F669DF00C}.Release|Any CPU.Build.0 = Release|Any CPU
	EndGlobalSection
	GlobalSection(SolutionProperties) = preSolution
		HideSolutionNode = FALSE
	EndGlobalSection
	GlobalSection(ExtensibilityGlobals) = postSolution
		SolutionGuid = {FDEFDABF-7689-4FE9-B195-8FE98FE12E99}
	EndGlobalSection
EndGlobal
